
Microsoft Visual Studio Solution File, Format Version 12.00
# Visual Studio 15
VisualStudioVersion = 15.0.27428.2015
MinimumVisualStudioVersion = 10.0.40219.1
Project("{FAE04EC0-301F-11D3-BF4B-00C04F79EFBC}") = "SelfDescSuite", "SelfDescSuite\SelfDescSuite.csproj", "{AD1EC528-7BE1-44F1-A01A-99BA8A13A623}"
EndProject
Global
	GlobalSection(SolutionConfigurationPlatforms) = preSolution
		Debug|Any CPU = Debug|Any CPU
		Release|Any CPU = Release|Any CPU
	EndGlobalSection
	GlobalSection(ProjectConfigurationPlatforms) = postSolution
		{AD1EC528-7BE1-44F1-A01A-99BA8A13A623}.Debug|Any CPU.ActiveCfg = Debug|Any CPU
		{AD1EC528-7BE1-44F1-A01A-99BA8A13A623}.Debug|Any CPU.Build.0 = Debug|Any CPU
		{AD1EC528-7BE1-44F1-A01A-99BA8A13A623}.Release|Any CPU.ActiveCfg = Release|Any CPU
		{AD1EC528-7BE1-44F1-A01A-99BA8A13A623}.Release|Any CPU.Build.0 = Release|Any CPU
	EndGlobalSection
	GlobalSection(SolutionProperties) = preSolution
		HideSolutionNode = FALSE
	EndGlobalSection
	GlobalSection(ExtensibilityGlobals) = postSolution
		SolutionGuid = {54F83A19-4293-45EA-A6BA-62EF1A453643}
	EndGlobalSection
EndGlobal
